
Microsoft Visual Studio Solution File, Format Version 12.00
# Visual Studio Version 16
VisualStudioVersion = 16.0.31727.386
MinimumVisualStudioVersion = 10.0.40219.1
Project("{FAE04EC0-301F-11D3-BF4B-00C04F79EFBC}") = "NewClassWorkSQL", "NewClassWorkSQL.csproj", "{40AC056B-4080-4064-A62F-BA1A322ED698}"
EndProject
Global
	GlobalSection(SolutionConfigurationPlatforms) = preSolution
		Debug|Any CPU = Debug|Any CPU
		Release|Any CPU = Release|Any CPU
	EndGlobalSection
	GlobalSection(ProjectConfigurationPlatforms) = postSolution
		{40AC056B-4080-4064-A62F-BA1A322ED698}.Debug|Any CPU.ActiveCfg = Debug|Any CPU
		{40AC056B-4080-4064-A62F-BA1A322ED698}.Debug|Any CPU.Build.0 = Debug|Any CPU
		{40AC056B-4080-4064-A62F-BA1A322ED698}.Release|Any CPU.ActiveCfg = Release|Any CPU
		{40AC056B-4080-4064-A62F-BA1A322ED698}.Release|Any CPU.Build.0 = Release|Any CPU
	EndGlobalSection
	GlobalSection(SolutionProperties) = preSolution
		HideSolutionNode = FALSE
	EndGlobalSection
	GlobalSection(ExtensibilityGlobals) = postSolution
		SolutionGuid = {8898CD3F-FCDB-4295-9940-9E66A65DE4ED}
	EndGlobalSection
EndGlobal
